Microsoft Visual Studio Solution File, Format Version 12.00
# Visual Studio Version 17
VisualStudioVersion = 17.5.2.0
MinimumVisualStudioVersion = 10.0.40219.1
Project("{FAE04EC0-301F-11D3-BF4B-00C04F79EFBC}") = "AFReparosAutomotivos", "AFReparosAutomotivos.csproj", "{74EF2084-0D71-9FD0-39BC-5C82CEB34581}"
EndProject
Global
	GlobalSection(SolutionConfigurationPlatforms) = preSolution
		Debug|Any CPU = Debug|Any CPU
		Release|Any CPU = Release|Any CPU
	EndGlobalSection
	GlobalSection(ProjectConfigurationPlatforms) = postSolution
		{74EF2084-0D71-9FD0-39BC-5C82CEB34581}.Debug|Any CPU.ActiveCfg = Debug|Any CPU
		{74EF2084-0D71-9FD0-39BC-5C82CEB34581}.Debug|Any CPU.Build.0 = Debug|Any CPU
		{74EF2084-0D71-9FD0-39BC-5C82CEB34581}.Release|Any CPU.ActiveCfg = Release|Any CPU
		{74EF2084-0D71-9FD0-39BC-5C82CEB34581}.Release|Any CPU.Build.0 = Release|Any CPU
	EndGlobalSection
	GlobalSection(SolutionProperties) = preSolution
		HideSolutionNode = FALSE
	EndGlobalSection
	GlobalSection(ExtensibilityGlobals) = postSolution
		SolutionGuid = {2F254BC8-EACC-4F5B-BEA6-D99DE28A0C97}
	EndGlobalSection
EndGlobal
